{
  "odoo": {
    "odoo": {
      "16.0": "19027e4986a469eee7a9781c444bbd2a1e7aaea5"
    }
  },
  "partner-contact": {
    "partner-contact": {
      "16.0": "1ef0e2cc29d3a653970da817e61734733ac3bd79"
    },
    "therp": {
      "16.0-add-partner_multi_relation_address": "8d499af8f9be57efe1ad2a15eb3fe61e9b4b5f9c",
      "16.0-add-partner_multi_relation_function": "da4ad721cbe319110d1028dcca0aa6caba099f0f"
    }
  },
  "server-tools": {
    "server-tools": {
      "16.0": "0369cdc486763b65d3a9cd62ad61e285b87096d9"
    }
  },
  "web": {
    "web": {
      "16.0": "44062759f7376d3b90ce6a540947878235c7cef4"
    }
  }
}